
Microsoft Visual Studio Solution File, Format Version 12.00
# Visual Studio Version 17
VisualStudioVersion = 17.7.34031.279
MinimumVisualStudioVersion = 10.0.40219.1
Project("{FAE04EC0-301F-11D3-BF4B-00C04F79EFBC}") = "lab5", "lab5.csproj", "{ED950B05-E64B-4A19-A923-6F1A92A994DD}"
EndProject
Global
	GlobalSection(SolutionConfigurationPlatforms) = preSolution
		Debug|Any CPU = Debug|Any CPU
		Release|Any CPU = Release|Any CPU
	EndGlobalSection
	GlobalSection(ProjectConfigurationPlatforms) = postSolution
		{ED950B05-E64B-4A19-A923-6F1A92A994DD}.Debug|Any CPU.ActiveCfg = Debug|Any CPU
		{ED950B05-E64B-4A19-A923-6F1A92A994DD}.Debug|Any CPU.Build.0 = Debug|Any CPU
		{ED950B05-E64B-4A19-A923-6F1A92A994DD}.Release|Any CPU.ActiveCfg = Release|Any CPU
		{ED950B05-E64B-4A19-A923-6F1A92A994DD}.Release|Any CPU.Build.0 = Release|Any CPU
	EndGlobalSection
	GlobalSection(SolutionProperties) = preSolution
		HideSolutionNode = FALSE
	EndGlobalSection
	GlobalSection(ExtensibilityGlobals) = postSolution
		SolutionGuid = {98832C59-8083-4A1B-AAB3-D1C157F3E65F}
	EndGlobalSection
EndGlobal
